{
  "name": "verbs",
  "version": "1.0.0",
  "lockfileVersion": 2,
  "requires": true,
  "packages": {
    "": {
      "name": "verbs",
      "version": "1.0.0",
      "license": "ISC",
      "dependencies": {
        "conjugation-fr": "^0.3.3",
        "fs": "^0.0.1-security"
      }
    },
    "node_modules/conjugation-fr": {
      "version": "0.3.3",
      "resolved": "https://registry.npmjs.org/conjugation-fr/-/conjugation-fr-0.3.3.tgz",
      "integrity": "sha512-Dm2tbbH7PLFaXmR3cJiYzTuvuRwGztNLMvt/q9ris5hIgPdV5hCrM95yT9etuwbkq89d0QaOmNOz/rXX3JAzAw=="
    },
    "node_modules/fs": {
      "version": "0.0.1-security",
      "resolved": "https://registry.npmjs.org/fs/-/fs-0.0.1-security.tgz",
      "integrity": "sha512-3XY9e1pP0CVEUCdj5BmfIZxRBTSDycnbqhIOGec9QYtmVH2fbLpj86CFWkrNOkt/Fvty4KZG5lTglL9j/gJ87w=="
    }
  },
  "dependencies": {
    "conjugation-fr": {
      "version": "0.3.3",
      "resolved": "https://registry.npmjs.org/conjugation-fr/-/conjugation-fr-0.3.3.tgz",
      "integrity": "sha512-Dm2tbbH7PLFaXmR3cJiYzTuvuRwGztNLMvt/q9ris5hIgPdV5hCrM95yT9etuwbkq89d0QaOmNOz/rXX3JAzAw=="
    },
    "fs": {
      "version": "0.0.1-security",
      "resolved": "https://registry.npmjs.org/fs/-/fs-0.0.1-security.tgz",
      "integrity": "sha512-3XY9e1pP0CVEUCdj5BmfIZxRBTSDycnbqhIOGec9QYtmVH2fbLpj86CFWkrNOkt/Fvty4KZG5lTglL9j/gJ87w=="
    }
  }
}
